
Microsoft Visual Studio Solution File, Format Version 12.00
Project("{FAE04EC0-301F-11D3-BF4B-00C04F79EFBC}") = "PrintAPyramid", "PrintAPyramid\PrintAPyramid.csproj", "{95452211-1AFF-4688-9ABC-D3A455208F8B}"
EndProject
Global
	GlobalSection(SolutionConfigurationPlatforms) = preSolution
		Debug|Any CPU = Debug|Any CPU
		Release|Any CPU = Release|Any CPU
	EndGlobalSection
	GlobalSection(ProjectConfigurationPlatforms) = postSolution
		{95452211-1AFF-4688-9ABC-D3A455208F8B}.Debug|Any CPU.ActiveCfg = Debug|Any CPU
		{95452211-1AFF-4688-9ABC-D3A455208F8B}.Debug|Any CPU.Build.0 = Debug|Any CPU
		{95452211-1AFF-4688-9ABC-D3A455208F8B}.Release|Any CPU.ActiveCfg = Release|Any CPU
		{95452211-1AFF-4688-9ABC-D3A455208F8B}.Release|Any CPU.Build.0 = Release|Any CPU
	EndGlobalSection
EndGlobal
