
Microsoft Visual Studio Solution File, Format Version 12.00
Project("{FAE04EC0-301F-11D3-BF4B-00C04F79EFBC}") = "DesigningAndBuildingClasses", "DesigningAndBuildingClasses\DesigningAndBuildingClasses.csproj", "{94505BC1-9450-4226-8D8E-3201E3B4FC46}"
EndProject
Global
	GlobalSection(SolutionConfigurationPlatforms) = preSolution
		Debug|Any CPU = Debug|Any CPU
		Release|Any CPU = Release|Any CPU
	EndGlobalSection
	GlobalSection(ProjectConfigurationPlatforms) = postSolution
		{94505BC1-9450-4226-8D8E-3201E3B4FC46}.Debug|Any CPU.ActiveCfg = Debug|Any CPU
		{94505BC1-9450-4226-8D8E-3201E3B4FC46}.Debug|Any CPU.Build.0 = Debug|Any CPU
		{94505BC1-9450-4226-8D8E-3201E3B4FC46}.Release|Any CPU.ActiveCfg = Release|Any CPU
		{94505BC1-9450-4226-8D8E-3201E3B4FC46}.Release|Any CPU.Build.0 = Release|Any CPU
	EndGlobalSection
EndGlobal
